
Microsoft Visual Studio Solution File, Format Version 12.00
# Visual Studio Version 17
VisualStudioVersion = 17.11.35222.181
MinimumVisualStudioVersion = 10.0.40219.1
Project("{FAE04EC0-301F-11D3-BF4B-00C04F79EFBC}") = "ApiProject.WebApi", "ApiProject.WebApi\ApiProject.WebApi.csproj", "{C18FA9A9-D485-425D-858D-8F1DE50246DD}"
EndProject
Global
	GlobalSection(SolutionConfigurationPlatforms) = preSolution
		Debug|Any CPU = Debug|Any CPU
		Release|Any CPU = Release|Any CPU
	EndGlobalSection
	GlobalSection(ProjectConfigurationPlatforms) = postSolution
		{C18FA9A9-D485-425D-858D-8F1DE50246DD}.Debug|Any CPU.ActiveCfg = Debug|Any CPU
		{C18FA9A9-D485-425D-858D-8F1DE50246DD}.Debug|Any CPU.Build.0 = Debug|Any CPU
		{C18FA9A9-D485-425D-858D-8F1DE50246DD}.Release|Any CPU.ActiveCfg = Release|Any CPU
		{C18FA9A9-D485-425D-858D-8F1DE50246DD}.Release|Any CPU.Build.0 = Release|Any CPU
	EndGlobalSection
	GlobalSection(SolutionProperties) = preSolution
		HideSolutionNode = FALSE
	EndGlobalSection
	GlobalSection(ExtensibilityGlobals) = postSolution
		SolutionGuid = {A80589C0-58CF-4A06-BFBC-72F3FF5D731F}
	EndGlobalSection
EndGlobal
